
Microsoft Visual Studio Solution File, Format Version 12.00
# Visual Studio Version 17
VisualStudioVersion = 17.3.32825.248
MinimumVisualStudioVersion = 10.0.40219.1
Project("{2150E333-8FDC-42A3-9474-1A3956D46DE8}") = "src", "src", "{A856DE30-F434-4E7F-9B4F-A6CFC3073408}"
EndProject
Project("{2150E333-8FDC-42A3-9474-1A3956D46DE8}") = "corePackages", "corePackages", "{8214BC08-612E-4320-9C75-9D340D9AE467}"
EndProject
Project("{9A19103F-16F7-4668-BE54-9A1E7A4F7556}") = "Core.Application", "src\corePackages\Core.Application\Core.Application.csproj", "{99DC63CB-414E-4C0D-BF56-7ECC0B8AB498}"
EndProject
Project("{9A19103F-16F7-4668-BE54-9A1E7A4F7556}") = "Core.CrossCuttingConcerns", "src\corePackages\Core.CrossCuttingConcerns\Core.CrossCuttingConcerns.csproj", "{E05C3351-0065-4ED5-AED1-058B176D93F7}"
EndProject
Project("{9A19103F-16F7-4668-BE54-9A1E7A4F7556}") = "Core.Persistence", "src\corePackages\Core.Persistence\Core.Persistence.csproj", "{B1087434-2B4E-4097-AD17-08BCD91616DE}"
EndProject
Project("{2150E333-8FDC-42A3-9474-1A3956D46DE8}") = "projects", "projects", "{F32D464E-1008-4CC7-BC34-C28FDDF9BF71}"
EndProject
Project("{2150E333-8FDC-42A3-9474-1A3956D46DE8}") = "kodlama.io", "kodlama.io", "{F2A045D7-3A02-48BE-A4BA-9B2CFAC6BB54}"
EndProject
Project("{2150E333-8FDC-42A3-9474-1A3956D46DE8}") = "Core", "Core", "{5E804FED-A015-4D6C-988E-29B02032712F}"
EndProject
Project("{2150E333-8FDC-42A3-9474-1A3956D46DE8}") = "Infrastructure", "Infrastructure", "{46AD5C4E-C6A7-4826-BD3A-FE5C4294488E}"
EndProject
Project("{2150E333-8FDC-42A3-9474-1A3956D46DE8}") = "Presentation", "Presentation", "{5930F096-7079-487F-A270-76D6988BE063}"
EndProject
Project("{FAE04EC0-301F-11D3-BF4B-00C04F79EFBC}") = "Devs.Application", "src\projects\kodlama.io\Core\Devs.Application\Devs.Application.csproj", "{627E5DEE-ECBA-48CA-803C-F1617C0C08F5}"
EndProject
Project("{FAE04EC0-301F-11D3-BF4B-00C04F79EFBC}") = "Devs.Domain", "src\projects\kodlama.io\Core\Devs.Domain\Devs.Domain.csproj", "{C6C66DDC-F589-4E03-95BB-BC7239783A01}"
EndProject
Project("{FAE04EC0-301F-11D3-BF4B-00C04F79EFBC}") = "Devs.Infrastructure", "src\projects\kodlama.io\Infrastructure\Infrastructure\Devs.Infrastructure.csproj", "{F3949DFA-1D62-441A-BB32-D723D14DDC90}"
EndProject
Project("{FAE04EC0-301F-11D3-BF4B-00C04F79EFBC}") = "Devs.Persistence", "src\projects\kodlama.io\Infrastructure\Devs.Persistence\Devs.Persistence.csproj", "{7F1382D3-A82C-4566-856D-8C08CE7CE0C7}"
EndProject
Project("{FAE04EC0-301F-11D3-BF4B-00C04F79EFBC}") = "Devs.WebAPI", "src\projects\kodlama.io\Presentation\Devs.WebAPI\Devs.WebAPI.csproj", "{EF5ECD18-179D-437E-882F-8A3439A1515B}"
EndProject
Global
	GlobalSection(SolutionConfigurationPlatforms) = preSolution
		Debug|Any CPU = Debug|Any CPU
		Release|Any CPU = Release|Any CPU
	EndGlobalSection
	GlobalSection(ProjectConfigurationPlatforms) = postSolution
		{99DC63CB-414E-4C0D-BF56-7ECC0B8AB498}.Debug|Any CPU.ActiveCfg = Debug|Any CPU
		{99DC63CB-414E-4C0D-BF56-7ECC0B8AB498}.Debug|Any CPU.Build.0 = Debug|Any CPU
		{99DC63CB-414E-4C0D-BF56-7ECC0B8AB498}.Release|Any CPU.ActiveCfg = Release|Any CPU
		{99DC63CB-414E-4C0D-BF56-7ECC0B8AB498}.Release|Any CPU.Build.0 = Release|Any CPU
		{E05C3351-0065-4ED5-AED1-058B176D93F7}.Debug|Any CPU.ActiveCfg = Debug|Any CPU
		{E05C3351-0065-4ED5-AED1-058B176D93F7}.Debug|Any CPU.Build.0 = Debug|Any CPU
		{E05C3351-0065-4ED5-AED1-058B176D93F7}.Release|Any CPU.ActiveCfg = Release|Any CPU
		{E05C3351-0065-4ED5-AED1-058B176D93F7}.Release|Any CPU.Build.0 = Release|Any CPU
		{B1087434-2B4E-4097-AD17-08BCD91616DE}.Debug|Any CPU.ActiveCfg = Debug|Any CPU
		{B1087434-2B4E-4097-AD17-08BCD91616DE}.Debug|Any CPU.Build.0 = Debug|Any CPU
		{B1087434-2B4E-4097-AD17-08BCD91616DE}.Release|Any CPU.ActiveCfg = Release|Any CPU
		{B1087434-2B4E-4097-AD17-08BCD91616DE}.Release|Any CPU.Build.0 = Release|Any CPU
		{627E5DEE-ECBA-48CA-803C-F1617C0C08F5}.Debug|Any CPU.ActiveCfg = Debug|Any CPU
		{627E5DEE-ECBA-48CA-803C-F1617C0C08F5}.Debug|Any CPU.Build.0 = Debug|Any CPU
		{627E5DEE-ECBA-48CA-803C-F1617C0C08F5}.Release|Any CPU.ActiveCfg = Release|Any CPU
		{627E5DEE-ECBA-48CA-803C-F1617C0C08F5}.Release|Any CPU.Build.0 = Release|Any CPU
		{C6C66DDC-F589-4E03-95BB-BC7239783A01}.Debug|Any CPU.ActiveCfg = Debug|Any CPU
		{C6C66DDC-F589-4E03-95BB-BC7239783A01}.Debug|Any CPU.Build.0 = Debug|Any CPU
		{C6C66DDC-F589-4E03-95BB-BC7239783A01}.Release|Any CPU.ActiveCfg = Release|Any CPU
		{C6C66DDC-F589-4E03-95BB-BC7239783A01}.Release|Any CPU.Build.0 = Release|Any CPU
		{F3949DFA-1D62-441A-BB32-D723D14DDC90}.Debug|Any CPU.ActiveCfg = Debug|Any CPU
		{F3949DFA-1D62-441A-BB32-D723D14DDC90}.Debug|Any CPU.Build.0 = Debug|Any CPU
		{F3949DFA-1D62-441A-BB32-D723D14DDC90}.Release|Any CPU.ActiveCfg = Release|Any CPU
		{F3949DFA-1D62-441A-BB32-D723D14DDC90}.Release|Any CPU.Build.0 = Release|Any CPU
		{7F1382D3-A82C-4566-856D-8C08CE7CE0C7}.Debug|Any CPU.ActiveCfg = Debug|Any CPU
		{7F1382D3-A82C-4566-856D-8C08CE7CE0C7}.Debug|Any CPU.Build.0 = Debug|Any CPU
		{7F1382D3-A82C-4566-856D-8C08CE7CE0C7}.Release|Any CPU.ActiveCfg = Release|Any CPU
		{7F1382D3-A82C-4566-856D-8C08CE7CE0C7}.Release|Any CPU.Build.0 = Release|Any CPU
		{EF5ECD18-179D-437E-882F-8A3439A1515B}.Debug|Any CPU.ActiveCfg = Debug|Any CPU
		{EF5ECD18-179D-437E-882F-8A3439A1515B}.Debug|Any CPU.Build.0 = Debug|Any CPU
		{EF5ECD18-179D-437E-882F-8A3439A1515B}.Release|Any CPU.ActiveCfg = Release|Any CPU
		{EF5ECD18-179D-437E-882F-8A3439A1515B}.Release|Any CPU.Build.0 = Release|Any CPU
	EndGlobalSection
	GlobalSection(SolutionProperties) = preSolution
		HideSolutionNode = FALSE
	EndGlobalSection
	GlobalSection(NestedProjects) = preSolution
		{8214BC08-612E-4320-9C75-9D340D9AE467} = {A856DE30-F434-4E7F-9B4F-A6CFC3073408}
		{99DC63CB-414E-4C0D-BF56-7ECC0B8AB498} = {8214BC08-612E-4320-9C75-9D340D9AE467}
		{E05C3351-0065-4ED5-AED1-058B176D93F7} = {8214BC08-612E-4320-9C75-9D340D9AE467}
		{B1087434-2B4E-4097-AD17-08BCD91616DE} = {8214BC08-612E-4320-9C75-9D340D9AE467}
		{F32D464E-1008-4CC7-BC34-C28FDDF9BF71} = {A856DE30-F434-4E7F-9B4F-A6CFC3073408}
		{F2A045D7-3A02-48BE-A4BA-9B2CFAC6BB54} = {F32D464E-1008-4CC7-BC34-C28FDDF9BF71}
		{5E804FED-A015-4D6C-988E-29B02032712F} = {F2A045D7-3A02-48BE-A4BA-9B2CFAC6BB54}
		{46AD5C4E-C6A7-4826-BD3A-FE5C4294488E} = {F2A045D7-3A02-48BE-A4BA-9B2CFAC6BB54}
		{5930F096-7079-487F-A270-76D6988BE063} = {F2A045D7-3A02-48BE-A4BA-9B2CFAC6BB54}
		{627E5DEE-ECBA-48CA-803C-F1617C0C08F5} = {5E804FED-A015-4D6C-988E-29B02032712F}
		{C6C66DDC-F589-4E03-95BB-BC7239783A01} = {5E804FED-A015-4D6C-988E-29B02032712F}
		{F3949DFA-1D62-441A-BB32-D723D14DDC90} = {46AD5C4E-C6A7-4826-BD3A-FE5C4294488E}
		{7F1382D3-A82C-4566-856D-8C08CE7CE0C7} = {46AD5C4E-C6A7-4826-BD3A-FE5C4294488E}
		{EF5ECD18-179D-437E-882F-8A3439A1515B} = {5930F096-7079-487F-A270-76D6988BE063}
	EndGlobalSection
	GlobalSection(ExtensibilityGlobals) = postSolution
		SolutionGuid = {DA7DB62F-5CAA-45B7-BF9C-726C3321D5F6}
	EndGlobalSection
EndGlobal
